github.com/cdvelop/input v0.0.81 h1:WSGafBM1cR9gAOWxmd/rRnDoA4pK3SsvuKtDdKoXAVA=
github.com/cdvelop/input v0.0.81/go.mod h1:HvpfVAR1VNgzzDojHp0qMFVt+sVi1jnDbFSFkRliSE0=
github.com/cdvelop/maps v0.0.8 h1:7pc/iRC5mhf91TB8TaGoXkyFloH1pH1TWbLBR4kZhZY=
github.com/cdvelop/maps v0.0.8/go.mod h1:00f/VqX/M0iiiY/BG2KxfxfFuoU5jAaNLEDGw7Tlduk=
github.com/cdvelop/object v0.0.67 h1:3pNpvju6OyF92qIzpT12do/tlJyfoPZnaSEikrRVLUc=
github.com/cdvelop/object v0.0.67/go.mod h1:sMqabysVHEvS+NYuLAzKFmFY74p21xI3Z8V2aMHV9X0=
github.com/cdvelop/strings v0.0.9 h1:yDh2msl3EQja0dHw+oOHfD9ymQMa50KakKTkjsXDnvw=
github.com/cdvelop/strings v0.0.9/go.mod h1:zNexDeXHRETbMmlmNThQeM7ksRsvzrphsCfwuSxaURk=
github.com/cdvelop/structs v0.0.1 h1:9H4JUJ/dK1zaUOpIgay4xZpP3O/Jh991nErccKknKZ8=
github.com/cdvelop/structs v0.0.1/go.mod h1:dvym7DUgaMRqhdcDTgCQNkbuhr+HqfwdaDMeZTmIWEI=
github.com/cdvelop/timeserver v0.0.31 h1:+Yt1ydpmtNDMJbFu29hcnmkwtK+BW+gBQyhbVVAvnHg=
github.com/cdvelop/timetools v0.0.32 h1:tQPO4BwrEBrIGVMZHhsoYYeu8UXyF6hicm/Q54SET6k=
github.com/cdvelop/timetools v0.0.32/go.mod h1:Y6C9bgqYnwI+WUuIiJs5VlfyNdVPsCN+42LxUB1S2yo=
github.com/cdvelop/unixid v0.0.48 h1:tt8SAwMs71iL1aLXbkV532m+OspBY9hLm4feqJil+hg=
github.com/cdvelop/unixid v0.0.48/go.mod h1:w8X2pIUwxX7AcAHnrqVNAsZfmvFOoeLpg07xgCJF+Xs=
