github.com/cdvelop/timeserver v0.0.1 h1:QVwLAvuNGAokKsj71E2hOwe9KHpZ1p7MrzM1BfkAbrU=
github.com/cdvelop/timetools v0.0.19 h1:RPMQcMIgMDWX4b+1Cq+7LH9jG6QN6vULoRLUMKRJ+IQ=
github.com/cdvelop/timetools v0.0.19/go.mod h1:svILBZThmFShQv0CqZJJ/avxZ9KiVj6WES/utD7PDAg=
github.com/cdvelop/unixid v0.0.18 h1:by7QfCHdI1odbsEK+ivPOmAeZ1PypDDNKvszvJWQjVI=
github.com/cdvelop/unixid v0.0.18/go.mod h1:sHSKiSJMcbUheQTVWOCfSW7+QPxVKABQvlljYeWB+m8=
